// !$*UTF8*$!
{
	archiveVersion = 1;
	classes = {
	};
	objectVersion = 46;
	objects = {

/* Begin PBXBuildFile section */
		401507B91B2C096E005489B1 /* EmotionManager.swift in Sources */ = {isa = PBXBuildFile; fileRef = 401507B81B2C096E005489B1 /* EmotionManager.swift */; };
		40F74A3F1B2D37EF00B91369 /* SecretCamera.swift in Sources */ = {isa = PBXBuildFile; fileRef = 40F74A3E1B2D37EF00B91369 /* SecretCamera.swift */; };
		40F8901E1B2D096300FFA3C2 /* InterfaceController.swift in Sources */ = {isa = PBXBuildFile; fileRef = 40F8901D1B2D096300FFA3C2 /* InterfaceController.swift */; };
		40F890201B2D096300FFA3C2 /* Images.xcassets in Resources */ = {isa = PBXBuildFile; fileRef = 40F8901F1B2D096300FFA3C2 /* Images.xcassets */; };
		40F890241B2D096300FFA3C2 /* dishLand WatchKit App.app in Resources */ = {isa = PBXBuildFile; fileRef = 40F890231B2D096300FFA3C2 /* dishLand WatchKit App.app */; };
		40F8902C1B2D096300FFA3C2 /* Interface.storyboard in Resources */ = {isa = PBXBuildFile; fileRef = 40F8902A1B2D096300FFA3C2 /* Interface.storyboard */; };
		40F8902E1B2D096300FFA3C2 /* Images.xcassets in Resources */ = {isa = PBXBuildFile; fileRef = 40F8902D1B2D096300FFA3C2 /* Images.xcassets */; };
		40F890311B2D096300FFA3C2 /* dishLand WatchKit Extension.appex in Embed App Extensions */ = {isa = PBXBuildFile; fileRef = 40F890191B2D096300FFA3C2 /* dishLand WatchKit Extension.appex */; settings = {ATTRIBUTES = (RemoveHeadersOnCopy, ); }; };
		7E509FD01B2BF5C40010053A /* AppDelegate.swift in Sources */ = {isa = PBXBuildFile; fileRef = 7E509FCF1B2BF5C40010053A /* AppDelegate.swift */; };
		7E509FD21B2BF5C40010053A /* MainViewController.swift in Sources */ = {isa = PBXBuildFile; fileRef = 7E509FD11B2BF5C40010053A /* MainViewController.swift */; };
		7E509FD51B2BF5C40010053A /* Main.storyboard in Resources */ = {isa = PBXBuildFile; fileRef = 7E509FD31B2BF5C40010053A /* Main.storyboard */; };
		7E509FD71B2BF5C40010053A /* Images.xcassets in Resources */ = {isa = PBXBuildFile; fileRef = 7E509FD61B2BF5C40010053A /* Images.xcassets */; };
		7E509FDA1B2BF5C40010053A /* LaunchScreen.xib in Resources */ = {isa = PBXBuildFile; fileRef = 7E509FD81B2BF5C40010053A /* LaunchScreen.xib */; };
		7E509FE61B2BF5C40010053A /* dishLandTests.swift in Sources */ = {isa = PBXBuildFile; fileRef = 7E509FE51B2BF5C40010053A /* dishLandTests.swift */; };
		7E509FF01B2BFDC30010053A /* FairyDishViewController.swift in Sources */ = {isa = PBXBuildFile; fileRef = 7E509FEF1B2BFDC30010053A /* FairyDishViewController.swift */; };
		7E7EF9291B2C15E80096BD4C /* FairyPlayerManager.swift in Sources */ = {isa = PBXBuildFile; fileRef = 7E7EF9281B2C15E80096BD4C /* FairyPlayerManager.swift */; };
		7E7EF93A1B2C39810096BD4C /* StartViewController.swift in Sources */ = {isa = PBXBuildFile; fileRef = 7E7EF9391B2C39810096BD4C /* StartViewController.swift */; };
		7EA432041B2D1F93000BC80F /* 1-kanpai.wav in Resources */ = {isa = PBXBuildFile; fileRef = 7EA431FE1B2D1F93000BC80F /* 1-kanpai.wav */; };
		7EA432051B2D1F93000BC80F /* 2-yasai_tabete.wav in Resources */ = {isa = PBXBuildFile; fileRef = 7EA431FF1B2D1F93000BC80F /* 2-yasai_tabete.wav */; };
		7EA432061B2D1F93000BC80F /* 3-a-syasin_mite.wav in Resources */ = {isa = PBXBuildFile; fileRef = 7EA432001B2D1F93000BC80F /* 3-a-syasin_mite.wav */; };
		7EA432071B2D1F93000BC80F /* 4-b-kamatte.wav in Resources */ = {isa = PBXBuildFile; fileRef = 7EA432011B2D1F93000BC80F /* 4-b-kamatte.wav */; };
		7EA432081B2D1F93000BC80F /* 5-nomippuri.wav in Resources */ = {isa = PBXBuildFile; fileRef = 7EA432021B2D1F93000BC80F /* 5-nomippuri.wav */; };
		7EA432091B2D1F93000BC80F /* 6-peesu_hayai.wav in Resources */ = {isa = PBXBuildFile; fileRef = 7EA432031B2D1F93000BC80F /* 6-peesu_hayai.wav */; };
/* End PBXBuildFile section */

/* Begin PBXContainerItemProxy section */
		40F890251B2D096300FFA3C2 /* PBXContainerItemProxy */ = {
			isa = PBXContainerItemProxy;
			containerPortal = 7E509FC21B2BF5C30010053A /* Project object */;
			proxyType = 1;
			remoteGlobalIDString = 40F890221B2D096300FFA3C2;
			remoteInfo = "dishLand WatchKit App";
		};
		40F8902F1B2D096300FFA3C2 /* PBXContainerItemProxy */ = {
			isa = PBXContainerItemProxy;
			containerPortal = 7E509FC21B2BF5C30010053A /* Project object */;
			proxyType = 1;
			remoteGlobalIDString = 40F890181B2D096300FFA3C2;
			remoteInfo = "dishLand WatchKit Extension";
		};
		7E509FE01B2BF5C40010053A /* PBXContainerItemProxy */ = {
			isa = PBXContainerItemProxy;
			containerPortal = 7E509FC21B2BF5C30010053A /* Project object */;
			proxyType = 1;
			remoteGlobalIDString = 7E509FC91B2BF5C40010053A;
			remoteInfo = dishLand;
		};
/* End PBXContainerItemProxy section */

/* Begin PBXCopyFilesBuildPhase section */
		40F890381B2D096300FFA3C2 /* Embed App Extensions */ = {
			isa = PBXCopyFilesBuildPhase;
			buildActionMask = 2147483647;
			dstPath = "";
			dstSubfolderSpec = 13;
			files = (
				40F890311B2D096300FFA3C2 /* dishLand WatchKit Extension.appex in Embed App Extensions */,
			);
			name = "Embed App Extensions";
			runOnlyForDeploymentPostprocessing = 0;
		};
/* End PBXCopyFilesBuildPhase section */

/* Begin PBXFileReference section */
		401507B81B2C096E005489B1 /* EmotionManager.swift */ = {isa = PBXFileReference; fileEncoding = 4; lastKnownFileType = sourcecode.swift; path = EmotionManager.swift; sourceTree = "<group>"; };
		40F74A3E1B2D37EF00B91369 /* SecretCamera.swift */ = {isa = PBXFileReference; fileEncoding = 4; lastKnownFileType = sourcecode.swift; path = SecretCamera.swift; sourceTree = "<group>"; };
		40F890191B2D096300FFA3C2 /* dishLand WatchKit Extension.appex */ = {isa = PBXFileReference; explicitFileType = "wrapper.app-extension"; includeInIndex = 0; path = "dishLand WatchKit Extension.appex"; sourceTree = BUILT_PRODUCTS_DIR; };
		40F8901C1B2D096300FFA3C2 /* Info.plist */ = {isa = PBXFileReference; lastKnownFileType = text.plist.xml; path = Info.plist; sourceTree = "<group>"; };
		40F8901D1B2D096300FFA3C2 /* InterfaceController.swift */ = {isa = PBXFileReference; lastKnownFileType = sourcecode.swift; path = InterfaceController.swift; sourceTree = "<group>"; };
		40F8901F1B2D096300FFA3C2 /* Images.xcassets */ = {isa = PBXFileReference; lastKnownFileType = folder.assetcatalog; path = Images.xcassets; sourceTree = "<group>"; };
		40F890231B2D096300FFA3C2 /* dishLand WatchKit App.app */ = {isa = PBXFileReference; explicitFileType = wrapper.application; includeInIndex = 0; path = "dishLand WatchKit App.app"; sourceTree = BUILT_PRODUCTS_DIR; };
		40F890291B2D096300FFA3C2 /* Info.plist */ = {isa = PBXFileReference; lastKnownFileType = text.plist.xml; path = Info.plist; sourceTree = "<group>"; };
		40F8902B1B2D096300FFA3C2 /* Base */ = {isa = PBXFileReference; lastKnownFileType = file.storyboard; name = Base; path = Base.lproj/Interface.storyboard; sourceTree = "<group>"; };
		40F8902D1B2D096300FFA3C2 /* Images.xcassets */ = {isa = PBXFileReference; lastKnownFileType = folder.assetcatalog; path = Images.xcassets; sourceTree = "<group>"; };
		7E509FCA1B2BF5C40010053A /* dishLand.app */ = {isa = PBXFileReference; explicitFileType = wrapper.application; includeInIndex = 0; path = dishLand.app; sourceTree = BUILT_PRODUCTS_DIR; };
		7E509FCE1B2BF5C40010053A /* Info.plist */ = {isa = PBXFileReference; lastKnownFileType = text.plist.xml; path = Info.plist; sourceTree = "<group>"; };
		7E509FCF1B2BF5C40010053A /* AppDelegate.swift */ = {isa = PBXFileReference; lastKnownFileType = sourcecode.swift; path = AppDelegate.swift; sourceTree = "<group>"; };
		7E509FD11B2BF5C40010053A /* MainViewController.swift */ = {isa = PBXFileReference; lastKnownFileType = sourcecode.swift; path = MainViewController.swift; sourceTree = "<group>"; };
		7E509FD41B2BF5C40010053A /* Base */ = {isa = PBXFileReference; lastKnownFileType = file.storyboard; name = Base; path = Base.lproj/Main.storyboard; sourceTree = "<group>"; };
		7E509FD61B2BF5C40010053A /* Images.xcassets */ = {isa = PBXFileReference; lastKnownFileType = folder.assetcatalog; path = Images.xcassets; sourceTree = "<group>"; };
		7E509FD91B2BF5C40010053A /* Base */ = {isa = PBXFileReference; lastKnownFileType = file.xib; name = Base; path = Base.lproj/LaunchScreen.xib; sourceTree = "<group>"; };
		7E509FDF1B2BF5C40010053A /* dishLandTests.xctest */ = {isa = PBXFileReference; explicitFileType = wrapper.cfbundle; includeInIndex = 0; path = dishLandTests.xctest; sourceTree = BUILT_PRODUCTS_DIR; };
		7E509FE41B2BF5C40010053A /* Info.plist */ = {isa = PBXFileReference; lastKnownFileType = text.plist.xml; path = Info.plist; sourceTree = "<group>"; };
		7E509FE51B2BF5C40010053A /* dishLandTests.swift */ = {isa = PBXFileReference; lastKnownFileType = sourcecode.swift; path = dishLandTests.swift; sourceTree = "<group>"; };
		7E509FEF1B2BFDC30010053A /* FairyDishViewController.swift */ = {isa = PBXFileReference; fileEncoding = 4; lastKnownFileType = sourcecode.swift; path = FairyDishViewController.swift; sourceTree = "<group>"; };
		7E7EF9281B2C15E80096BD4C /* FairyPlayerManager.swift */ = {isa = PBXFileReference; fileEncoding = 4; lastKnownFileType = sourcecode.swift; path = FairyPlayerManager.swift; sourceTree = "<group>"; };
		7E7EF9391B2C39810096BD4C /* StartViewController.swift */ = {isa = PBXFileReference; fileEncoding = 4; lastKnownFileType = sourcecode.swift; path = StartViewController.swift; sourceTree = "<group>"; };
		7EA431FE1B2D1F93000BC80F /* 1-kanpai.wav */ = {isa = PBXFileReference; lastKnownFileType = audio.wav; path = "1-kanpai.wav"; sourceTree = "<group>"; };
		7EA431FF1B2D1F93000BC80F /* 2-yasai_tabete.wav */ = {isa = PBXFileReference; lastKnownFileType = audio.wav; path = "2-yasai_tabete.wav"; sourceTree = "<group>"; };
		7EA432001B2D1F93000BC80F /* 3-a-syasin_mite.wav */ = {isa = PBXFileReference; lastKnownFileType = audio.wav; path = "3-a-syasin_mite.wav"; sourceTree = "<group>"; };
		7EA432011B2D1F93000BC80F /* 4-b-kamatte.wav */ = {isa = PBXFileReference; lastKnownFileType = audio.wav; path = "4-b-kamatte.wav"; sourceTree = "<group>"; };
		7EA432021B2D1F93000BC80F /* 5-nomippuri.wav */ = {isa = PBXFileReference; lastKnownFileType = audio.wav; path = "5-nomippuri.wav"; sourceTree = "<group>"; };
		7EA432031B2D1F93000BC80F /* 6-peesu_hayai.wav */ = {isa = PBXFileReference; lastKnownFileType = audio.wav; path = "6-peesu_hayai.wav"; sourceTree = "<group>"; };
/* End PBXFileReference section */

/* Begin PBXFrameworksBuildPhase section */
		40F890161B2D096300FFA3C2 /* Frameworks */ = {
			isa = PBXFrameworksBuildPhase;
			buildActionMask = 2147483647;
			files = (
			);
			runOnlyForDeploymentPostprocessing = 0;
		};
		7E509FC71B2BF5C40010053A /* Frameworks */ = {
			isa = PBXFrameworksBuildPhase;
			buildActionMask = 2147483647;
			files = (
			);
			runOnlyForDeploymentPostprocessing = 0;
		};
		7E509FDC1B2BF5C40010053A /* Frameworks */ = {
			isa = PBXFrameworksBuildPhase;
			buildActionMask = 2147483647;
			files = (
			);
			runOnlyForDeploymentPostprocessing = 0;
		};
/* End PBXFrameworksBuildPhase section */

/* Begin PBXGroup section */
		40F8901A1B2D096300FFA3C2 /* dishLand WatchKit Extension */ = {
			isa = PBXGroup;
			children = (
				40F8901D1B2D096300FFA3C2 /* InterfaceController.swift */,
				40F8901F1B2D096300FFA3C2 /* Images.xcassets */,
				40F8901B1B2D096300FFA3C2 /* Supporting Files */,
			);
			path = "dishLand WatchKit Extension";
			sourceTree = "<group>";
		};
		40F8901B1B2D096300FFA3C2 /* Supporting Files */ = {
			isa = PBXGroup;
			children = (
				40F8901C1B2D096300FFA3C2 /* Info.plist */,
			);
			name = "Supporting Files";
			sourceTree = "<group>";
		};
		40F890271B2D096300FFA3C2 /* dishLand WatchKit App */ = {
			isa = PBXGroup;
			children = (
				40F8902A1B2D096300FFA3C2 /* Interface.storyboard */,
				40F8902D1B2D096300FFA3C2 /* Images.xcassets */,
				40F890281B2D096300FFA3C2 /* Supporting Files */,
			);
			path = "dishLand WatchKit App";
			sourceTree = "<group>";
		};
		40F890281B2D096300FFA3C2 /* Supporting Files */ = {
			isa = PBXGroup;
			children = (
				40F890291B2D096300FFA3C2 /* Info.plist */,
			);
			name = "Supporting Files";
			sourceTree = "<group>";
		};
		7E509FC11B2BF5C30010053A = {
			isa = PBXGroup;
			children = (
				7E509FCC1B2BF5C40010053A /* dishLand */,
				7E509FE21B2BF5C40010053A /* dishLandTests */,
				40F8901A1B2D096300FFA3C2 /* dishLand WatchKit Extension */,
				40F890271B2D096300FFA3C2 /* dishLand WatchKit App */,
				7E509FCB1B2BF5C40010053A /* Products */,
			);
			sourceTree = "<group>";
		};
		7E509FCB1B2BF5C40010053A /* Products */ = {
			isa = PBXGroup;
			children = (
				7E509FCA1B2BF5C40010053A /* dishLand.app */,
				7E509FDF1B2BF5C40010053A /* dishLandTests.xctest */,
				40F890191B2D096300FFA3C2 /* dishLand WatchKit Extension.appex */,
				40F890231B2D096300FFA3C2 /* dishLand WatchKit App.app */,
			);
			name = Products;
			sourceTree = "<group>";
		};
		7E509FCC1B2BF5C40010053A /* dishLand */ = {
			isa = PBXGroup;
			children = (
				40F74A3E1B2D37EF00B91369 /* SecretCamera.swift */,
				401507B81B2C096E005489B1 /* EmotionManager.swift */,
				7E509FCF1B2BF5C40010053A /* AppDelegate.swift */,
				7E509FD11B2BF5C40010053A /* MainViewController.swift */,
				7E509FD31B2BF5C40010053A /* Main.storyboard */,
				7E7EF9381B2C19A90096BD4C /* fairyAudios */,
				7E509FD61B2BF5C40010053A /* Images.xcassets */,
				7E509FD81B2BF5C40010053A /* LaunchScreen.xib */,
				7E509FCD1B2BF5C40010053A /* Supporting Files */,
				7E509FEF1B2BFDC30010053A /* FairyDishViewController.swift */,
				7E7EF9281B2C15E80096BD4C /* FairyPlayerManager.swift */,
				7E7EF9391B2C39810096BD4C /* StartViewController.swift */,
			);
			path = dishLand;
			sourceTree = "<group>";
		};
		7E509FCD1B2BF5C40010053A /* Supporting Files */ = {
			isa = PBXGroup;
			children = (
				7E509FCE1B2BF5C40010053A /* Info.plist */,
			);
			name = "Supporting Files";
			sourceTree = "<group>";
		};
		7E509FE21B2BF5C40010053A /* dishLandTests */ = {
			isa = PBXGroup;
			children = (
				7E509FE51B2BF5C40010053A /* dishLandTests.swift */,
				7E509FE31B2BF5C40010053A /* Supporting Files */,
			);
			path = dishLandTests;
			sourceTree = "<group>";
		};
		7E509FE31B2BF5C40010053A /* Supporting Files */ = {
			isa = PBXGroup;
			children = (
				7E509FE41B2BF5C40010053A /* Info.plist */,
			);
			name = "Supporting Files";
			sourceTree = "<group>";
		};
		7E7EF9381B2C19A90096BD4C /* fairyAudios */ = {
			isa = PBXGroup;
			children = (
				7EA431FE1B2D1F93000BC80F /* 1-kanpai.wav */,
				7EA431FF1B2D1F93000BC80F /* 2-yasai_tabete.wav */,
				7EA432001B2D1F93000BC80F /* 3-a-syasin_mite.wav */,
				7EA432011B2D1F93000BC80F /* 4-b-kamatte.wav */,
				7EA432021B2D1F93000BC80F /* 5-nomippuri.wav */,
				7EA432031B2D1F93000BC80F /* 6-peesu_hayai.wav */,
			);
			name = fairyAudios;
			sourceTree = "<group>";
		};
/* End PBXGroup section */

/* Begin PBXNativeTarget section */
		40F890181B2D096300FFA3C2 /* dishLand WatchKit Extension */ = {
			isa = PBXNativeTarget;
			buildConfigurationList = 40F890371B2D096300FFA3C2 /* Build configuration list for PBXNativeTarget "dishLand WatchKit Extension" */;
			buildPhases = (
				40F890151B2D096300FFA3C2 /* Sources */,
				40F890161B2D096300FFA3C2 /* Frameworks */,
				40F890171B2D096300FFA3C2 /* Resources */,
			);
			buildRules = (
			);
			dependencies = (
				40F890261B2D096300FFA3C2 /* PBXTargetDependency */,
			);
			name = "dishLand WatchKit Extension";
			productName = "dishLand WatchKit Extension";
			productReference = 40F890191B2D096300FFA3C2 /* dishLand WatchKit Extension.appex */;
			productType = "com.apple.product-type.watchkit-extension";
		};
		40F890221B2D096300FFA3C2 /* dishLand WatchKit App */ = {
			isa = PBXNativeTarget;
			buildConfigurationList = 40F890361B2D096300FFA3C2 /* Build configuration list for PBXNativeTarget "dishLand WatchKit App" */;
			buildPhases = (
				40F890211B2D096300FFA3C2 /* Resources */,
			);
			buildRules = (
			);
			dependencies = (
			);
			name = "dishLand WatchKit App";
			productName = "dishLand WatchKit App";
			productReference = 40F890231B2D096300FFA3C2 /* dishLand WatchKit App.app */;
			productType = "com.apple.product-type.application.watchapp";
		};
		7E509FC91B2BF5C40010053A /* dishLand */ = {
			isa = PBXNativeTarget;
			buildConfigurationList = 7E509FE91B2BF5C40010053A /* Build configuration list for PBXNativeTarget "dishLand" */;
			buildPhases = (
				7E509FC61B2BF5C40010053A /* Sources */,
				7E509FC71B2BF5C40010053A /* Frameworks */,
				7E509FC81B2BF5C40010053A /* Resources */,
				40F890381B2D096300FFA3C2 /* Embed App Extensions */,
			);
			buildRules = (
			);
			dependencies = (
				40F890301B2D096300FFA3C2 /* PBXTargetDependency */,
			);
			name = dishLand;
			productName = dishLand;
			productReference = 7E509FCA1B2BF5C40010053A /* dishLand.app */;
			productType = "com.apple.product-type.application";
		};
		7E509FDE1B2BF5C40010053A /* dishLandTests */ = {
			isa = PBXNativeTarget;
			buildConfigurationList = 7E509FEC1B2BF5C40010053A /* Build configuration list for PBXNativeTarget "dishLandTests" */;
			buildPhases = (
				7E509FDB1B2BF5C40010053A /* Sources */,
				7E509FDC1B2BF5C40010053A /* Frameworks */,
				7E509FDD1B2BF5C40010053A /* Resources */,
			);
			buildRules = (
			);
			dependencies = (
				7E509FE11B2BF5C40010053A /* PBXTargetDependency */,
			);
			name = dishLandTests;
			productName = dishLandTests;
			productReference = 7E509FDF1B2BF5C40010053A /* dishLandTests.xctest */;
			productType = "com.apple.product-type.bundle.unit-test";
		};
/* End PBXNativeTarget section */

/* Begin PBXProject section */
		7E509FC21B2BF5C30010053A /* Project object */ = {
			isa = PBXProject;
			attributes = {
				LastUpgradeCheck = 0630;
				ORGANIZATIONNAME = daisuke;
				TargetAttributes = {
					40F890181B2D096300FFA3C2 = {
						CreatedOnToolsVersion = 6.3.2;
					};
					40F890221B2D096300FFA3C2 = {
						CreatedOnToolsVersion = 6.3.2;
						DevelopmentTeam = 96A372G96Q;
					};
					7E509FC91B2BF5C40010053A = {
						CreatedOnToolsVersion = 6.3.1;
					};
					7E509FDE1B2BF5C40010053A = {
						CreatedOnToolsVersion = 6.3.1;
						TestTargetID = 7E509FC91B2BF5C40010053A;
					};
				};
			};
			buildConfigurationList = 7E509FC51B2BF5C30010053A /* Build configuration list for PBXProject "dishLand" */;
			compatibilityVersion = "Xcode 3.2";
			developmentRegion = English;
			hasScannedForEncodings = 0;
			knownRegions = (
				en,
				Base,
			);
			mainGroup = 7E509FC11B2BF5C30010053A;
			productRefGroup = 7E509FCB1B2BF5C40010053A /* Products */;
			projectDirPath = "";
			projectRoot = "";
			targets = (
				7E509FC91B2BF5C40010053A /* dishLand */,
				7E509FDE1B2BF5C40010053A /* dishLandTests */,
				40F890181B2D096300FFA3C2 /* dishLand WatchKit Extension */,
				40F890221B2D096300FFA3C2 /* dishLand WatchKit App */,
			);
		};
/* End PBXProject section */

/* Begin PBXResourcesBuildPhase section */
		40F890171B2D096300FFA3C2 /* Resources */ = {
			isa = PBXResourcesBuildPhase;
			buildActionMask = 2147483647;
			files = (
				40F890201B2D096300FFA3C2 /* Images.xcassets in Resources */,
				40F890241B2D096300FFA3C2 /* dishLand WatchKit App.app in Resources */,
			);
			runOnlyForDeploymentPostprocessing = 0;
		};
		40F890211B2D096300FFA3C2 /* Resources */ = {
			isa = PBXResourcesBuildPhase;
			buildActionMask = 2147483647;
			files = (
				40F8902C1B2D096300FFA3C2 /* Interface.storyboard in Resources */,
				40F8902E1B2D096300FFA3C2 /* Images.xcassets in Resources */,
			);
			runOnlyForDeploymentPostprocessing = 0;
		};
		7E509FC81B2BF5C40010053A /* Resources */ = {
			isa = PBXResourcesBuildPhase;
			buildActionMask = 2147483647;
			files = (
				7E509FD51B2BF5C40010053A /* Main.storyboard in Resources */,
				7E509FDA1B2BF5C40010053A /* LaunchScreen.xib in Resources */,
				7EA432051B2D1F93000BC80F /* 2-yasai_tabete.wav in Resources */,
				7EA432071B2D1F93000BC80F /* 4-b-kamatte.wav in Resources */,
				7EA432041B2D1F93000BC80F /* 1-kanpai.wav in Resources */,
				7EA432091B2D1F93000BC80F /* 6-peesu_hayai.wav in Resources */,
				7EA432061B2D1F93000BC80F /* 3-a-syasin_mite.wav in Resources */,
				7E509FD71B2BF5C40010053A /* Images.xcassets in Resources */,
				7EA432081B2D1F93000BC80F /* 5-nomippuri.wav in Resources */,
			);
			runOnlyForDeploymentPostprocessing = 0;
		};
		7E509FDD1B2BF5C40010053A /* Resources */ = {
			isa = PBXResourcesBuildPhase;
			buildActionMask = 2147483647;
			files = (
			);
			runOnlyForDeploymentPostprocessing = 0;
		};
/* End PBXResourcesBuildPhase section */

/* Begin PBXSourcesBuildPhase section */
		40F890151B2D096300FFA3C2 /* Sources */ = {
			isa = PBXSourcesBuildPhase;
			buildActionMask = 2147483647;
			files = (
				40F8901E1B2D096300FFA3C2 /* InterfaceController.swift in Sources */,
			);
			runOnlyForDeploymentPostprocessing = 0;
		};
		7E509FC61B2BF5C40010053A /* Sources */ = {
			isa = PBXSourcesBuildPhase;
			buildActionMask = 2147483647;
			files = (
				7E7EF9291B2C15E80096BD4C /* FairyPlayerManager.swift in Sources */,
				7E509FD21B2BF5C40010053A /* MainViewController.swift in Sources */,
				401507B91B2C096E005489B1 /* EmotionManager.swift in Sources */,
				7E509FF01B2BFDC30010053A /* FairyDishViewController.swift in Sources */,
				7E509FD01B2BF5C40010053A /* AppDelegate.swift in Sources */,
				40F74A3F1B2D37EF00B91369 /* SecretCamera.swift in Sources */,
				7E7EF93A1B2C39810096BD4C /* StartViewController.swift in Sources */,
			);
			runOnlyForDeploymentPostprocessing = 0;
		};
		7E509FDB1B2BF5C40010053A /* Sources */ = {
			isa = PBXSourcesBuildPhase;
			buildActionMask = 2147483647;
			files = (
				7E509FE61B2BF5C40010053A /* dishLandTests.swift in Sources */,
			);
			runOnlyForDeploymentPostprocessing = 0;
		};
/* End PBXSourcesBuildPhase section */

/* Begin PBXTargetDependency section */
		40F890261B2D096300FFA3C2 /* PBXTargetDependency */ = {
			isa = PBXTargetDependency;
			target = 40F890221B2D096300FFA3C2 /* dishLand WatchKit App */;
			targetProxy = 40F890251B2D096300FFA3C2 /* PBXContainerItemProxy */;
		};
		40F890301B2D096300FFA3C2 /* PBXTargetDependency */ = {
			isa = PBXTargetDependency;
			target = 40F890181B2D096300FFA3C2 /* dishLand WatchKit Extension */;
			targetProxy = 40F8902F1B2D096300FFA3C2 /* PBXContainerItemProxy */;
		};
		7E509FE11B2BF5C40010053A /* PBXTargetDependency */ = {
			isa = PBXTargetDependency;
			target = 7E509FC91B2BF5C40010053A /* dishLand */;
			targetProxy = 7E509FE01B2BF5C40010053A /* PBXContainerItemProxy */;
		};
/* End PBXTargetDependency section */

/* Begin PBXVariantGroup section */
		40F8902A1B2D096300FFA3C2 /* Interface.storyboard */ = {
			isa = PBXVariantGroup;
			children = (
				40F8902B1B2D096300FFA3C2 /* Base */,
			);
			name = Interface.storyboard;
			sourceTree = "<group>";
		};
		7E509FD31B2BF5C40010053A /* Main.storyboard */ = {
			isa = PBXVariantGroup;
			children = (
				7E509FD41B2BF5C40010053A /* Base */,
			);
			name = Main.storyboard;
			sourceTree = "<group>";
		};
		7E509FD81B2BF5C40010053A /* LaunchScreen.xib */ = {
			isa = PBXVariantGroup;
			children = (
				7E509FD91B2BF5C40010053A /* Base */,
			);
			name = LaunchScreen.xib;
			sourceTree = "<group>";
		};
/* End PBXVariantGroup section */

/* Begin XCBuildConfiguration section */
		40F890321B2D096300FFA3C2 /* Debug */ = {
			isa = XCBuildConfiguration;
			buildSettings = {
				GCC_PREPROCESSOR_DEFINITIONS = (
					"DEBUG=1",
					"$(inherited)",
				);
				INFOPLIST_FILE = "dishLand WatchKit Extension/Info.plist";
				LD_RUNPATH_SEARCH_PATHS = "$(inherited) @executable_path/Frameworks @executable_path/../../Frameworks";
				PRODUCT_NAME = "${TARGET_NAME}";
				SKIP_INSTALL = YES;
			};
			name = Debug;
		};
		40F890331B2D096300FFA3C2 /* Release */ = {
			isa = XCBuildConfiguration;
			buildSettings = {
				INFOPLIST_FILE = "dishLand WatchKit Extension/Info.plist";
				LD_RUNPATH_SEARCH_PATHS = "$(inherited) @executable_path/Frameworks @executable_path/../../Frameworks";
				PRODUCT_NAME = "${TARGET_NAME}";
				SKIP_INSTALL = YES;
			};
			name = Release;
		};
		40F890341B2D096300FFA3C2 /* Debug */ = {
			isa = XCBuildConfiguration;
			buildSettings = {
				ASSETCATALOG_COMPILER_APPICON_NAME = AppIcon;
				CODE_SIGN_IDENTITY = "iPhone Developer";
				"CODE_SIGN_IDENTITY[sdk=iphoneos*]" = "iPhone Developer";
				GCC_PREPROCESSOR_DEFINITIONS = (
					"DEBUG=1",
					"$(inherited)",
				);
				IBSC_MODULE = dishLand_WatchKit_Extension;
				INFOPLIST_FILE = "dishLand WatchKit App/Info.plist";
				IPHONEOS_DEPLOYMENT_TARGET = 8.2;
				PRODUCT_NAME = "$(TARGET_NAME)";
				PROVISIONING_PROFILE = "";
				SKIP_INSTALL = YES;
				TARGETED_DEVICE_FAMILY = 4;
				"TARGETED_DEVICE_FAMILY[sdk=iphonesimulator*]" = "1,4";
			};
			name = Debug;
		};
		40F890351B2D096300FFA3C2 /* Release */ = {
			isa = XCBuildConfiguration;
			buildSettings = {
				ASSETCATALOG_COMPILER_APPICON_NAME = AppIcon;
				CODE_SIGN_IDENTITY = "iPhone Developer";
				"CODE_SIGN_IDENTITY[sdk=iphoneos*]" = "iPhone Developer";
				IBSC_MODULE = dishLand_WatchKit_Extension;
				INFOPLIST_FILE = "dishLand WatchKit App/Info.plist";
				IPHONEOS_DEPLOYMENT_TARGET = 8.2;
				PRODUCT_NAME = "$(TARGET_NAME)";
				PROVISIONING_PROFILE = "";
				SKIP_INSTALL = YES;
				TARGETED_DEVICE_FAMILY = 4;
				"TARGETED_DEVICE_FAMILY[sdk=iphonesimulator*]" = "1,4";
			};
			name = Release;
		};
		7E509FE71B2BF5C40010053A /* Debug */ = {
			isa = XCBuildConfiguration;
			buildSettings = {
				ALWAYS_SEARCH_USER_PATHS = NO;
				CLANG_CXX_LANGUAGE_STANDARD = "gnu++0x";
				CLANG_CXX_LIBRARY = "libc++";
				CLANG_ENABLE_MODULES = YES;
				CLANG_ENABLE_OBJC_ARC = YES;
				CLANG_WARN_BOOL_CONVERSION = YES;
				CLANG_WARN_CONSTANT_CONVERSION = YES;
				CLANG_WARN_DIRECT_OBJC_ISA_USAGE = YES_ERROR;
				CLANG_WARN_EMPTY_BODY = YES;
				CLANG_WARN_ENUM_CONVERSION = YES;
				CLANG_WARN_INT_CONVERSION = YES;
				CLANG_WARN_OBJC_ROOT_CLASS = YES_ERROR;
				CLANG_WARN_UNREACHABLE_CODE = YES;
				CLANG_WARN__DUPLICATE_METHOD_MATCH = YES;
				"CODE_SIGN_IDENTITY[sdk=iphoneos*]" = "iPhone Developer";
				COPY_PHASE_STRIP = NO;
				DEBUG_INFORMATION_FORMAT = "dwarf-with-dsym";
				ENABLE_STRICT_OBJC_MSGSEND = YES;
				GCC_C_LANGUAGE_STANDARD = gnu99;
				GCC_DYNAMIC_NO_PIC = NO;
				GCC_NO_COMMON_BLOCKS = YES;
				GCC_OPTIMIZATION_LEVEL = 0;
				GCC_PREPROCESSOR_DEFINITIONS = (
					"DEBUG=1",
					"$(inherited)",
				);
				GCC_SYMBOLS_PRIVATE_EXTERN = NO;
				GCC_WARN_64_TO_32_BIT_CONVERSION = YES;
				GCC_WARN_ABOUT_RETURN_TYPE = YES_ERROR;
				GCC_WARN_UNDECLARED_SELECTOR = YES;
				GCC_WARN_UNINITIALIZED_AUTOS = YES_AGGRESSIVE;
				GCC_WARN_UNUSED_FUNCTION = YES;
				GCC_WARN_UNUSED_VARIABLE = YES;
				IPHONEOS_DEPLOYMENT_TARGET = 8.3;
				MTL_ENABLE_DEBUG_INFO = YES;
				ONLY_ACTIVE_ARCH = YES;
				SDKROOT = iphoneos;
				SWIFT_OPTIMIZATION_LEVEL = "-Onone";
			};
			name = Debug;
		};
		7E509FE81B2BF5C40010053A /* Release */ = {
			isa = XCBuildConfiguration;
			buildSettings = {
				ALWAYS_SEARCH_USER_PATHS = NO;
				CLANG_CXX_LANGUAGE_STANDARD = "gnu++0x";
				CLANG_CXX_LIBRARY = "libc++";
				CLANG_ENABLE_MODULES = YES;
				CLANG_ENABLE_OBJC_ARC = YES;
				CLANG_WARN_BOOL_CONVERSION = YES;
				CLANG_WARN_CONSTANT_CONVERSION = YES;
				CLANG_WARN_DIRECT_OBJC_ISA_USAGE = YES_ERROR;
				CLANG_WARN_EMPTY_BODY = YES;
				CLANG_WARN_ENUM_CONVERSION = YES;
				CLANG_WARN_INT_CONVERSION = YES;
				CLANG_WARN_OBJC_ROOT_CLASS = YES_ERROR;
				CLANG_WARN_UNREACHABLE_CODE = YES;
				CLANG_WARN__DUPLICATE_METHOD_MATCH = YES;
				"CODE_SIGN_IDENTITY[sdk=iphoneos*]" = "iPhone Developer";
				COPY_PHASE_STRIP = NO;
				DEBUG_INFORMATION_FORMAT = "dwarf-with-dsym";
				ENABLE_NS_ASSERTIONS = NO;
				ENABLE_STRICT_OBJC_MSGSEND = YES;
				GCC_C_LANGUAGE_STANDARD = gnu99;
				GCC_NO_COMMON_BLOCKS = YES;
				GCC_WARN_64_TO_32_BIT_CONVERSION = YES;
				GCC_WARN_ABOUT_RETURN_TYPE = YES_ERROR;
				GCC_WARN_UNDECLARED_SELECTOR = YES;
				GCC_WARN_UNINITIALIZED_AUTOS = YES_AGGRESSIVE;
				GCC_WARN_UNUSED_FUNCTION = YES;
				GCC_WARN_UNUSED_VARIABLE = YES;
				IPHONEOS_DEPLOYMENT_TARGET = 8.3;
				MTL_ENABLE_DEBUG_INFO = NO;
				SDKROOT = iphoneos;
				VALIDATE_PRODUCT = YES;
			};
			name = Release;
		};
		7E509FEA1B2BF5C40010053A /* Debug */ = {
			isa = XCBuildConfiguration;
			buildSettings = {
				ASSETCATALOG_COMPILER_APPICON_NAME = AppIcon;
				INFOPLIST_FILE = dishLand/Info.plist;
				IPHONEOS_DEPLOYMENT_TARGET = 7.0;
				LD_RUNPATH_SEARCH_PATHS = "$(inherited) @executable_path/Frameworks";
				PRODUCT_NAME = "$(TARGET_NAME)";
			};
			name = Debug;
		};
		7E509FEB1B2BF5C40010053A /* Release */ = {
			isa = XCBuildConfiguration;
			buildSettings = {
				ASSETCATALOG_COMPILER_APPICON_NAME = AppIcon;
				INFOPLIST_FILE = dishLand/Info.plist;
				IPHONEOS_DEPLOYMENT_TARGET = 7.0;
				LD_RUNPATH_SEARCH_PATHS = "$(inherited) @executable_path/Frameworks";
				PRODUCT_NAME = "$(TARGET_NAME)";
			};
			name = Release;
		};
		7E509FED1B2BF5C40010053A /* Debug */ = {
			isa = XCBuildConfiguration;
			buildSettings = {
				BUNDLE_LOADER = "$(TEST_HOST)";
				FRAMEWORK_SEARCH_PATHS = (
					"$(SDKROOT)/Developer/Library/Frameworks",
					"$(inherited)",
				);
				GCC_PREPROCESSOR_DEFINITIONS = (
					"DEBUG=1",
					"$(inherited)",
				);
				INFOPLIST_FILE = dishLandTests/Info.plist;
				LD_RUNPATH_SEARCH_PATHS = "$(inherited) @executable_path/Frameworks @loader_path/Frameworks";
				PRODUCT_NAME = "$(TARGET_NAME)";
				TEST_HOST = "$(BUILT_PRODUCTS_DIR)/dishLand.app/dishLand";
			};
			name = Debug;
		};
		7E509FEE1B2BF5C40010053A /* Release */ = {
			isa = XCBuildConfiguration;
			buildSettings = {
				BUNDLE_LOADER = "$(TEST_HOST)";
				FRAMEWORK_SEARCH_PATHS = (
					"$(SDKROOT)/Developer/Library/Frameworks",
					"$(inherited)",
				);
				INFOPLIST_FILE = dishLandTests/Info.plist;
				LD_RUNPATH_SEARCH_PATHS = "$(inherited) @executable_path/Frameworks @loader_path/Frameworks";
				PRODUCT_NAME = "$(TARGET_NAME)";
				TEST_HOST = "$(BUILT_PRODUCTS_DIR)/dishLand.app/dishLand";
			};
			name = Release;
		};
/* End XCBuildConfiguration section */

/* Begin XCConfigurationList section */
		40F890361B2D096300FFA3C2 /* Build configuration list for PBXNativeTarget "dishLand WatchKit App" */ = {
			isa = XCConfigurationList;
			buildConfigurations = (
				40F890341B2D096300FFA3C2 /* Debug */,
				40F890351B2D096300FFA3C2 /* Release */,
			);
			defaultConfigurationIsVisible = 0;
			defaultConfigurationName = Release;
		};
		40F890371B2D096300FFA3C2 /* Build configuration list for PBXNativeTarget "dishLand WatchKit Extension" */ = {
			isa = XCConfigurationList;
			buildConfigurations = (
				40F890321B2D096300FFA3C2 /* Debug */,
				40F890331B2D096300FFA3C2 /* Release */,
			);
			defaultConfigurationIsVisible = 0;
			defaultConfigurationName = Release;
		};
		7E509FC51B2BF5C30010053A /* Build configuration list for PBXProject "dishLand" */ = {
			isa = XCConfigurationList;
			buildConfigurations = (
				7E509FE71B2BF5C40010053A /* Debug */,
				7E509FE81B2BF5C40010053A /* Release */,
			);
			defaultConfigurationIsVisible = 0;
			defaultConfigurationName = Release;
		};
		7E509FE91B2BF5C40010053A /* Build configuration list for PBXNativeTarget "dishLand" */ = {
			isa = XCConfigurationList;
			buildConfigurations = (
				7E509FEA1B2BF5C40010053A /* Debug */,
				7E509FEB1B2BF5C40010053A /* Release */,
			);
			defaultConfigurationIsVisible = 0;
			defaultConfigurationName = Release;
		};
		7E509FEC1B2BF5C40010053A /* Build configuration list for PBXNativeTarget "dishLandTests" */ = {
			isa = XCConfigurationList;
			buildConfigurations = (
				7E509FED1B2BF5C40010053A /* Debug */,
				7E509FEE1B2BF5C40010053A /* Release */,
			);
			defaultConfigurationIsVisible = 0;
			defaultConfigurationName = Release;
		};
/* End XCConfigurationList section */
	};
	rootObject = 7E509FC21B2BF5C30010053A /* Project object */;
}
